
Microsoft Visual Studio Solution File, Format Version 12.00
# Visual Studio 15
VisualStudioVersion = 15.0.27428.2027
MinimumVisualStudioVersion = 10.0.40219.1
Project("{FAE04EC0-301F-11D3-BF4B-00C04F79EFBC}") = "AssymetricEncryption", "AssymetricEncryption\AssymetricEncryption.csproj", "{B1337A84-EA33-4872-AEFA-849CEA08EDC8}"
EndProject
Global
	GlobalSection(SolutionConfigurationPlatforms) = preSolution
		Debug|Any CPU = Debug|Any CPU
		Release|Any CPU = Release|Any CPU
	EndGlobalSection
	GlobalSection(ProjectConfigurationPlatforms) = postSolution
		{B1337A84-EA33-4872-AEFA-849CEA08EDC8}.Debug|Any CPU.ActiveCfg = Debug|Any CPU
		{B1337A84-EA33-4872-AEFA-849CEA08EDC8}.Debug|Any CPU.Build.0 = Debug|Any CPU
		{B1337A84-EA33-4872-AEFA-849CEA08EDC8}.Release|Any CPU.ActiveCfg = Release|Any CPU
		{B1337A84-EA33-4872-AEFA-849CEA08EDC8}.Release|Any CPU.Build.0 = Release|Any CPU
	EndGlobalSection
	GlobalSection(SolutionProperties) = preSolution
		HideSolutionNode = FALSE
	EndGlobalSection
	GlobalSection(ExtensibilityGlobals) = postSolution
		SolutionGuid = {58D2FAA1-1E02-417D-94F9-360E82A2F477}
	EndGlobalSection
EndGlobal
